// !$*UTF8*$!
{
	archiveVersion = 1;
	classes = {
	};
	objectVersion = 56;
	objects = {

/* Begin PBXBuildFile section */
		6A9F75DC2A7BB4520032C605 /* NoItemView.swift in Sources */ = {isa = PBXBuildFile; fileRef = 6A9F75DB2A7BB4520032C605 /* NoItemView.swift */; };
		6AED9EC12A7A0CAC00C97DB2 /* ToDoListApp.swift in Sources */ = {isa = PBXBuildFile; fileRef = 6AED9EC02A7A0CAC00C97DB2 /* ToDoListApp.swift */; };
		6AED9EC32A7A0CAC00C97DB2 /* ListView.swift in Sources */ = {isa = PBXBuildFile; fileRef = 6AED9EC22A7A0CAC00C97DB2 /* ListView.swift */; };
		6AED9EC52A7A0CAE00C97DB2 /* Assets.xcassets in Resources */ = {isa = PBXBuildFile; fileRef = 6AED9EC42A7A0CAE00C97DB2 /* Assets.xcassets */; };
		6AED9EC82A7A0CAE00C97DB2 /* Preview Assets.xcassets in Resources */ = {isa = PBXBuildFile; fileRef = 6AED9EC72A7A0CAE00C97DB2 /* Preview Assets.xcassets */; };
		6AED9ECF2A7A1BE200C97DB2 /* ListRowView.swift in Sources */ = {isa = PBXBuildFile; fileRef = 6AED9ECE2A7A1BE200C97DB2 /* ListRowView.swift */; };
		6AED9ED12A7A1DCC00C97DB2 /* AddItemView.swift in Sources */ = {isa = PBXBuildFile; fileRef = 6AED9ED02A7A1DCC00C97DB2 /* AddItemView.swift */; };
		6AED9ED32A7A2A8B00C97DB2 /* ItemModel.swift in Sources */ = {isa = PBXBuildFile; fileRef = 6AED9ED22A7A2A8B00C97DB2 /* ItemModel.swift */; };
		6AED9EDA2A7A4E8500C97DB2 /* ListViewModel.swift in Sources */ = {isa = PBXBuildFile; fileRef = 6AED9ED92A7A4E8500C97DB2 /* ListViewModel.swift */; };
/* End PBXBuildFile section */

/* Begin PBXFileReference section */
		6A9F75DB2A7BB4520032C605 /* NoItemView.swift */ = {isa = PBXFileReference; lastKnownFileType = sourcecode.swift; path = NoItemView.swift; sourceTree = "<group>"; };
		6AED9EBD2A7A0CAC00C97DB2 /* ToDoList.app */ = {isa = PBXFileReference; explicitFileType = wrapper.application; includeInIndex = 0; path = ToDoList.app; sourceTree = BUILT_PRODUCTS_DIR; };
		6AED9EC02A7A0CAC00C97DB2 /* ToDoListApp.swift */ = {isa = PBXFileReference; lastKnownFileType = sourcecode.swift; path = ToDoListApp.swift; sourceTree = "<group>"; };
		6AED9EC22A7A0CAC00C97DB2 /* ListView.swift */ = {isa = PBXFileReference; lastKnownFileType = sourcecode.swift; path = ListView.swift; sourceTree = "<group>"; };
		6AED9EC42A7A0CAE00C97DB2 /* Assets.xcassets */ = {isa = PBXFileReference; lastKnownFileType = folder.assetcatalog; path = Assets.xcassets; sourceTree = "<group>"; };
		6AED9EC72A7A0CAE00C97DB2 /* Preview Assets.xcassets */ = {isa = PBXFileReference; lastKnownFileType = folder.assetcatalog; path = "Preview Assets.xcassets"; sourceTree = "<group>"; };
		6AED9ECE2A7A1BE200C97DB2 /* ListRowView.swift */ = {isa = PBXFileReference; lastKnownFileType = sourcecode.swift; path = ListRowView.swift; sourceTree = "<group>"; };
		6AED9ED02A7A1DCC00C97DB2 /* AddItemView.swift */ = {isa = PBXFileReference; lastKnownFileType = sourcecode.swift; path = AddItemView.swift; sourceTree = "<group>"; };
		6AED9ED22A7A2A8B00C97DB2 /* ItemModel.swift */ = {isa = PBXFileReference; lastKnownFileType = sourcecode.swift; path = ItemModel.swift; sourceTree = "<group>"; };
		6AED9ED92A7A4E8500C97DB2 /* ListViewModel.swift */ = {isa = PBXFileReference; lastKnownFileType = sourcecode.swift; path = ListViewModel.swift; sourceTree = "<group>"; };
/* End PBXFileReference section */

/* Begin PBXFrameworksBuildPhase section */
		6AED9EBA2A7A0CAC00C97DB2 /* Frameworks */ = {
			isa = PBXFrameworksBuildPhase;
			buildActionMask = 2147483647;
			files = (
			);
			runOnlyForDeploymentPostprocessing = 0;
		};
/* End PBXFrameworksBuildPhase section */

/* Begin PBXGroup section */
		6AED9EB42A7A0CAC00C97DB2 = {
			isa = PBXGroup;
			children = (
				6AED9EBF2A7A0CAC00C97DB2 /* ToDoList */,
				6AED9EBE2A7A0CAC00C97DB2 /* Products */,
			);
			sourceTree = "<group>";
		};
		6AED9EBE2A7A0CAC00C97DB2 /* Products */ = {
			isa = PBXGroup;
			children = (
				6AED9EBD2A7A0CAC00C97DB2 /* ToDoList.app */,
			);
			name = Products;
			sourceTree = "<group>";
		};
		6AED9EBF2A7A0CAC00C97DB2 /* ToDoList */ = {
			isa = PBXGroup;
			children = (
				6AED9EC02A7A0CAC00C97DB2 /* ToDoListApp.swift */,
				6AED9ED42A7A2AF300C97DB2 /* Model */,
				6AED9ED82A7A4E6E00C97DB2 /* ViewModel */,
				6AED9ED52A7A2B0300C97DB2 /* Views */,
				6AED9ED62A7A2B1200C97DB2 /* Resources */,
				6AED9EC62A7A0CAE00C97DB2 /* Preview Content */,
			);
			path = ToDoList;
			sourceTree = "<group>";
		};
		6AED9EC62A7A0CAE00C97DB2 /* Preview Content */ = {
			isa = PBXGroup;
			children = (
				6AED9EC72A7A0CAE00C97DB2 /* Preview Assets.xcassets */,
			);
			path = "Preview Content";
			sourceTree = "<group>";
		};
		6AED9ED42A7A2AF300C97DB2 /* Model */ = {
			isa = PBXGroup;
			children = (
				6AED9ED22A7A2A8B00C97DB2 /* ItemModel.swift */,
			);
			path = Model;
			sourceTree = "<group>";
		};
		6AED9ED52A7A2B0300C97DB2 /* Views */ = {
			isa = PBXGroup;
			children = (
				6AED9EC22A7A0CAC00C97DB2 /* ListView.swift */,
				6AED9ECE2A7A1BE200C97DB2 /* ListRowView.swift */,
				6AED9ED02A7A1DCC00C97DB2 /* AddItemView.swift */,
				6A9F75DB2A7BB4520032C605 /* NoItemView.swift */,
			);
			path = Views;
			sourceTree = "<group>";
		};
		6AED9ED62A7A2B1200C97DB2 /* Resources */ = {
			isa = PBXGroup;
			children = (
				6AED9EC42A7A0CAE00C97DB2 /* Assets.xcassets */,
			);
			path = Resources;
			sourceTree = "<group>";
		};
		6AED9ED82A7A4E6E00C97DB2 /* ViewModel */ = {
			isa = PBXGroup;
			children = (
				6AED9ED92A7A4E8500C97DB2 /* ListViewModel.swift */,
			);
			path = ViewModel;
			sourceTree = "<group>";
		};
/* End PBXGroup section */

/* Begin PBXNativeTarget section */
		6AED9EBC2A7A0CAC00C97DB2 /* ToDoList */ = {
			isa = PBXNativeTarget;
			buildConfigurationList = 6AED9ECB2A7A0CAE00C97DB2 /* Build configuration list for PBXNativeTarget "ToDoList" */;
			buildPhases = (
				6AED9EB92A7A0CAC00C97DB2 /* Sources */,
				6AED9EBA2A7A0CAC00C97DB2 /* Frameworks */,
				6AED9EBB2A7A0CAC00C97DB2 /* Resources */,
			);
			buildRules = (
			);
			dependencies = (
			);
			name = ToDoList;
			productName = ToDoList;
			productReference = 6AED9EBD2A7A0CAC00C97DB2 /* ToDoList.app */;
			productType = "com.apple.product-type.application";
		};
/* End PBXNativeTarget section */

/* Begin PBXProject section */
		6AED9EB52A7A0CAC00C97DB2 /* Project object */ = {
			isa = PBXProject;
			attributes = {
				BuildIndependentTargetsInParallel = 1;
				LastSwiftUpdateCheck = 1420;
				LastUpgradeCheck = 1420;
				TargetAttributes = {
					6AED9EBC2A7A0CAC00C97DB2 = {
						CreatedOnToolsVersion = 14.2;
					};
				};
			};
			buildConfigurationList = 6AED9EB82A7A0CAC00C97DB2 /* Build configuration list for PBXProject "ToDoList" */;
			compatibilityVersion = "Xcode 14.0";
			developmentRegion = en;
			hasScannedForEncodings = 0;
			knownRegions = (
				en,
				Base,
			);
			mainGroup = 6AED9EB42A7A0CAC00C97DB2;
			productRefGroup = 6AED9EBE2A7A0CAC00C97DB2 /* Products */;
			projectDirPath = "";
			projectRoot = "";
			targets = (
				6AED9EBC2A7A0CAC00C97DB2 /* ToDoList */,
			);
		};
/* End PBXProject section */

/* Begin PBXResourcesBuildPhase section */
		6AED9EBB2A7A0CAC00C97DB2 /* Resources */ = {
			isa = PBXResourcesBuildPhase;
			buildActionMask = 2147483647;
			files = (
				6AED9EC82A7A0CAE00C97DB2 /* Preview Assets.xcassets in Resources */,
				6AED9EC52A7A0CAE00C97DB2 /* Assets.xcassets in Resources */,
			);
			runOnlyForDeploymentPostprocessing = 0;
		};
/* End PBXResourcesBuildPhase section */

/* Begin PBXSourcesBuildPhase section */
		6AED9EB92A7A0CAC00C97DB2 /* Sources */ = {
			isa = PBXSourcesBuildPhase;
			buildActionMask = 2147483647;
			files = (
				6AED9ED32A7A2A8B00C97DB2 /* ItemModel.swift in Sources */,
				6A9F75DC2A7BB4520032C605 /* NoItemView.swift in Sources */,
				6AED9ED12A7A1DCC00C97DB2 /* AddItemView.swift in Sources */,
				6AED9EDA2A7A4E8500C97DB2 /* ListViewModel.swift in Sources */,
				6AED9EC32A7A0CAC00C97DB2 /* ListView.swift in Sources */,
				6AED9EC12A7A0CAC00C97DB2 /* ToDoListApp.swift in Sources */,
				6AED9ECF2A7A1BE200C97DB2 /* ListRowView.swift in Sources */,
			);
			runOnlyForDeploymentPostprocessing = 0;
		};
/* End PBXSourcesBuildPhase section */

/* Begin XCBuildConfiguration section */
		6AED9EC92A7A0CAE00C97DB2 /* Debug */ = {
			isa = XCBuildConfiguration;
			buildSettings = {
				ALWAYS_SEARCH_USER_PATHS = NO;
				CLANG_ANALYZER_NONNULL = YES;
				CLANG_ANALYZER_NUMBER_OBJECT_CONVERSION = YES_AGGRESSIVE;
				CLANG_CXX_LANGUAGE_STANDARD = "gnu++20";
				CLANG_ENABLE_MODULES = YES;
				CLANG_ENABLE_OBJC_ARC = YES;
				CLANG_ENABLE_OBJC_WEAK = YES;
				CLANG_WARN_BLOCK_CAPTURE_AUTORELEASING = YES;
				CLANG_WARN_BOOL_CONVERSION = YES;
				CLANG_WARN_COMMA = YES;
				CLANG_WARN_CONSTANT_CONVERSION = YES;
				CLANG_WARN_DEPRECATED_OBJC_IMPLEMENTATIONS = YES;
				CLANG_WARN_DIRECT_OBJC_ISA_USAGE = YES_ERROR;
				CLANG_WARN_DOCUMENTATION_COMMENTS = YES;
				CLANG_WARN_EMPTY_BODY = YES;
				CLANG_WARN_ENUM_CONVERSION = YES;
				CLANG_WARN_INFINITE_RECURSION = YES;
				CLANG_WARN_INT_CONVERSION = YES;
				CLANG_WARN_NON_LITERAL_NULL_CONVERSION = YES;
				CLANG_WARN_OBJC_IMPLICIT_RETAIN_SELF = YES;
				CLANG_WARN_OBJC_LITERAL_CONVERSION = YES;
				CLANG_WARN_OBJC_ROOT_CLASS = YES_ERROR;
				CLANG_WARN_QUOTED_INCLUDE_IN_FRAMEWORK_HEADER = YES;
				CLANG_WARN_RANGE_LOOP_ANALYSIS = YES;
				CLANG_WARN_STRICT_PROTOTYPES = YES;
				CLANG_WARN_SUSPICIOUS_MOVE = YES;
				CLANG_WARN_UNGUARDED_AVAILABILITY = YES_AGGRESSIVE;
				CLANG_WARN_UNREACHABLE_CODE = YES;
				CLANG_WARN__DUPLICATE_METHOD_MATCH = YES;
				COPY_PHASE_STRIP = NO;
				DEBUG_INFORMATION_FORMAT = dwarf;
				ENABLE_STRICT_OBJC_MSGSEND = YES;
				ENABLE_TESTABILITY = YES;
				GCC_C_LANGUAGE_STANDARD = gnu11;
				GCC_DYNAMIC_NO_PIC = NO;
				GCC_NO_COMMON_BLOCKS = YES;
				GCC_OPTIMIZATION_LEVEL = 0;
				GCC_PREPROCESSOR_DEFINITIONS = (
					"DEBUG=1",
					"$(inherited)",
				);
				GCC_WARN_64_TO_32_BIT_CONVERSION = YES;
				GCC_WARN_ABOUT_RETURN_TYPE = YES_ERROR;
				GCC_WARN_UNDECLARED_SELECTOR = YES;
				GCC_WARN_UNINITIALIZED_AUTOS = YES_AGGRESSIVE;
				GCC_WARN_UNUSED_FUNCTION = YES;
				GCC_WARN_UNUSED_VARIABLE = YES;
				IPHONEOS_DEPLOYMENT_TARGET = 16.2;
				MTL_ENABLE_DEBUG_INFO = INCLUDE_SOURCE;
				MTL_FAST_MATH = YES;
				ONLY_ACTIVE_ARCH = YES;
				SDKROOT = iphoneos;
				SWIFT_ACTIVE_COMPILATION_CONDITIONS = DEBUG;
				SWIFT_OPTIMIZATION_LEVEL = "-Onone";
			};
			name = Debug;
		};
		6AED9ECA2A7A0CAE00C97DB2 /* Release */ = {
			isa = XCBuildConfiguration;
			buildSettings = {
				ALWAYS_SEARCH_USER_PATHS = NO;
				CLANG_ANALYZER_NONNULL = YES;
				CLANG_ANALYZER_NUMBER_OBJECT_CONVERSION = YES_AGGRESSIVE;
				CLANG_CXX_LANGUAGE_STANDARD = "gnu++20";
				CLANG_ENABLE_MODULES = YES;
				CLANG_ENABLE_OBJC_ARC = YES;
				CLANG_ENABLE_OBJC_WEAK = YES;
				CLANG_WARN_BLOCK_CAPTURE_AUTORELEASING = YES;
				CLANG_WARN_BOOL_CONVERSION = YES;
				CLANG_WARN_COMMA = YES;
				CLANG_WARN_CONSTANT_CONVERSION = YES;
				CLANG_WARN_DEPRECATED_OBJC_IMPLEMENTATIONS = YES;
				CLANG_WARN_DIRECT_OBJC_ISA_USAGE = YES_ERROR;
				CLANG_WARN_DOCUMENTATION_COMMENTS = YES;
				CLANG_WARN_EMPTY_BODY = YES;
				CLANG_WARN_ENUM_CONVERSION = YES;
				CLANG_WARN_INFINITE_RECURSION = YES;
				CLANG_WARN_INT_CONVERSION = YES;
				CLANG_WARN_NON_LITERAL_NULL_CONVERSION = YES;
				CLANG_WARN_OBJC_IMPLICIT_RETAIN_SELF = YES;
				CLANG_WARN_OBJC_LITERAL_CONVERSION = YES;
				CLANG_WARN_OBJC_ROOT_CLASS = YES_ERROR;
				CLANG_WARN_QUOTED_INCLUDE_IN_FRAMEWORK_HEADER = YES;
				CLANG_WARN_RANGE_LOOP_ANALYSIS = YES;
				CLANG_WARN_STRICT_PROTOTYPES = YES;
				CLANG_WARN_SUSPICIOUS_MOVE = YES;
				CLANG_WARN_UNGUARDED_AVAILABILITY = YES_AGGRESSIVE;
				CLANG_WARN_UNREACHABLE_CODE = YES;
				CLANG_WARN__DUPLICATE_METHOD_MATCH = YES;
				COPY_PHASE_STRIP = NO;
				DEBUG_INFORMATION_FORMAT = "dwarf-with-dsym";
				ENABLE_NS_ASSERTIONS = NO;
				ENABLE_STRICT_OBJC_MSGSEND = YES;
				GCC_C_LANGUAGE_STANDARD = gnu11;
				GCC_NO_COMMON_BLOCKS = YES;
				GCC_WARN_64_TO_32_BIT_CONVERSION = YES;
				GCC_WARN_ABOUT_RETURN_TYPE = YES_ERROR;
				GCC_WARN_UNDECLARED_SELECTOR = YES;
				GCC_WARN_UNINITIALIZED_AUTOS = YES_AGGRESSIVE;
				GCC_WARN_UNUSED_FUNCTION = YES;
				GCC_WARN_UNUSED_VARIABLE = YES;
				IPHONEOS_DEPLOYMENT_TARGET = 16.2;
				MTL_ENABLE_DEBUG_INFO = NO;
				MTL_FAST_MATH = YES;
				SDKROOT = iphoneos;
				SWIFT_COMPILATION_MODE = wholemodule;
				SWIFT_OPTIMIZATION_LEVEL = "-O";
				VALIDATE_PRODUCT = YES;
			};
			name = Release;
		};
		6AED9ECC2A7A0CAE00C97DB2 /* Debug */ = {
			isa = XCBuildConfiguration;
			buildSettings = {
				ASSETCATALOG_COMPILER_APPICON_NAME = AppIcon;
				ASSETCATALOG_COMPILER_GLOBAL_ACCENT_COLOR_NAME = AccentColor;
				CODE_SIGN_STYLE = Automatic;
				CURRENT_PROJECT_VERSION = 1;
				DEVELOPMENT_ASSET_PATHS = "\"ToDoList/Preview Content\"";
				ENABLE_PREVIEWS = YES;
				GENERATE_INFOPLIST_FILE = YES;
				INFOPLIST_KEY_UIApplicationSceneManifest_Generation = YES;
				INFOPLIST_KEY_UIApplicationSupportsIndirectInputEvents = YES;
				INFOPLIST_KEY_UILaunchScreen_Generation = YES;
				INFOPLIST_KEY_UISupportedInterfaceOrientations_iPad = "UIInterfaceOrientationPortrait UIInterfaceOrientationPortraitUpsideDown UIInterfaceOrientationLandscapeLeft UIInterfaceOrientationLandscapeRight";
				INFOPLIST_KEY_UISupportedInterfaceOrientations_iPhone = "UIInterfaceOrientationPortrait UIInterfaceOrientationLandscapeLeft UIInterfaceOrientationLandscapeRight";
				LD_RUNPATH_SEARCH_PATHS = (
					"$(inherited)",
					"@executable_path/Frameworks",
				);
				MARKETING_VERSION = 1.0;
				PRODUCT_BUNDLE_IDENTIFIER = com.pg.ToDoList;
				PRODUCT_NAME = "$(TARGET_NAME)";
				SWIFT_EMIT_LOC_STRINGS = YES;
				SWIFT_VERSION = 5.0;
				TARGETED_DEVICE_FAMILY = "1,2";
			};
			name = Debug;
		};
		6AED9ECD2A7A0CAE00C97DB2 /* Release */ = {
			isa = XCBuildConfiguration;
			buildSettings = {
				ASSETCATALOG_COMPILER_APPICON_NAME = AppIcon;
				ASSETCATALOG_COMPILER_GLOBAL_ACCENT_COLOR_NAME = AccentColor;
				CODE_SIGN_STYLE = Automatic;
				CURRENT_PROJECT_VERSION = 1;
				DEVELOPMENT_ASSET_PATHS = "\"ToDoList/Preview Content\"";
				ENABLE_PREVIEWS = YES;
				GENERATE_INFOPLIST_FILE = YES;
				INFOPLIST_KEY_UIApplicationSceneManifest_Generation = YES;
				INFOPLIST_KEY_UIApplicationSupportsIndirectInputEvents = YES;
				INFOPLIST_KEY_UILaunchScreen_Generation = YES;
				INFOPLIST_KEY_UISupportedInterfaceOrientations_iPad = "UIInterfaceOrientationPortrait UIInterfaceOrientationPortraitUpsideDown UIInterfaceOrientationLandscapeLeft UIInterfaceOrientationLandscapeRight";
				INFOPLIST_KEY_UISupportedInterfaceOrientations_iPhone = "UIInterfaceOrientationPortrait UIInterfaceOrientationLandscapeLeft UIInterfaceOrientationLandscapeRight";
				LD_RUNPATH_SEARCH_PATHS = (
					"$(inherited)",
					"@executable_path/Frameworks",
				);
				MARKETING_VERSION = 1.0;
				PRODUCT_BUNDLE_IDENTIFIER = com.pg.ToDoList;
				PRODUCT_NAME = "$(TARGET_NAME)";
				SWIFT_EMIT_LOC_STRINGS = YES;
				SWIFT_VERSION = 5.0;
				TARGETED_DEVICE_FAMILY = "1,2";
			};
			name = Release;
		};
/* End XCBuildConfiguration section */

/* Begin XCConfigurationList section */
		6AED9EB82A7A0CAC00C97DB2 /* Build configuration list for PBXProject "ToDoList" */ = {
			isa = XCConfigurationList;
			buildConfigurations = (
				6AED9EC92A7A0CAE00C97DB2 /* Debug */,
				6AED9ECA2A7A0CAE00C97DB2 /* Release */,
			);
			defaultConfigurationIsVisible = 0;
			defaultConfigurationName = Release;
		};
		6AED9ECB2A7A0CAE00C97DB2 /* Build configuration list for PBXNativeTarget "ToDoList" */ = {
			isa = XCConfigurationList;
			buildConfigurations = (
				6AED9ECC2A7A0CAE00C97DB2 /* Debug */,
				6AED9ECD2A7A0CAE00C97DB2 /* Release */,
			);
			defaultConfigurationIsVisible = 0;
			defaultConfigurationName = Release;
		};
/* End XCConfigurationList section */
	};
	rootObject = 6AED9EB52A7A0CAC00C97DB2 /* Project object */;
}
